
Microsoft Visual Studio Solution File, Format Version 12.00
# Visual Studio Version 17
VisualStudioVersion = 17.0.31903.59
MinimumVisualStudioVersion = 10.0.40219.1
Project("{2150E333-8FDC-42A3-9474-1A3956D46DE8}") = "src", "src", "{827E0CD3-B72D-47B6-A68D-7590B98EB39B}"
EndProject
Project("{FAE04EC0-301F-11D3-BF4B-00C04F79EFBC}") = "TechPrep.Core", "src\TechPrep.Core\TechPrep.Core.csproj", "{2DF8C576-5F7A-40E0-B475-3A715E1F4A0F}"
EndProject
Project("{FAE04EC0-301F-11D3-BF4B-00C04F79EFBC}") = "TechPrep.Application", "src\TechPrep.Application\TechPrep.Application.csproj", "{C6114E94-D59C-4E53-8C09-064FB8AB25BD}"
EndProject
Project("{FAE04EC0-301F-11D3-BF4B-00C04F79EFBC}") = "TechPrep.Infrastructure", "src\TechPrep.Infrastructure\TechPrep.Infrastructure.csproj", "{6E58CFBD-A374-4256-AD64-C7A28BF192C9}"
EndProject
Project("{FAE04EC0-301F-11D3-BF4B-00C04F79EFBC}") = "TechPrep.API", "src\TechPrep.API\TechPrep.API.csproj", "{0E42D12E-AD4A-4608-843B-66593273AA0A}"
EndProject
Project("{2150E333-8FDC-42A3-9474-1A3956D46DE8}") = "tests", "tests", "{0AB3BF05-4346-4AA6-1389-037BE0695223}"
EndProject
Project("{FAE04EC0-301F-11D3-BF4B-00C04F79EFBC}") = "TechPrep.Tests.Unit", "tests\TechPrep.Tests.Unit\TechPrep.Tests.Unit.csproj", "{7D5FB3C2-B018-47FF-99B8-3143A9E0A6EF}"
EndProject
Project("{FAE04EC0-301F-11D3-BF4B-00C04F79EFBC}") = "TechPrep.Tests.Integration", "tests\TechPrep.Tests.Integration\TechPrep.Tests.Integration.csproj", "{D2FEA0E0-70BD-4F2D-BC19-80E7C8BA168F}"
EndProject
Global
	GlobalSection(SolutionConfigurationPlatforms) = preSolution
		Debug|Any CPU = Debug|Any CPU
		Debug|x64 = Debug|x64
		Debug|x86 = Debug|x86
		Release|Any CPU = Release|Any CPU
		Release|x64 = Release|x64
		Release|x86 = Release|x86
	EndGlobalSection
	GlobalSection(ProjectConfigurationPlatforms) = postSolution
		{2DF8C576-5F7A-40E0-B475-3A715E1F4A0F}.Debug|Any CPU.ActiveCfg = Debug|Any CPU
		{2DF8C576-5F7A-40E0-B475-3A715E1F4A0F}.Debug|Any CPU.Build.0 = Debug|Any CPU
		{2DF8C576-5F7A-40E0-B475-3A715E1F4A0F}.Debug|x64.ActiveCfg = Debug|Any CPU
		{2DF8C576-5F7A-40E0-B475-3A715E1F4A0F}.Debug|x64.Build.0 = Debug|Any CPU
		{2DF8C576-5F7A-40E0-B475-3A715E1F4A0F}.Debug|x86.ActiveCfg = Debug|Any CPU
		{2DF8C576-5F7A-40E0-B475-3A715E1F4A0F}.Debug|x86.Build.0 = Debug|Any CPU
		{2DF8C576-5F7A-40E0-B475-3A715E1F4A0F}.Release|Any CPU.ActiveCfg = Release|Any CPU
		{2DF8C576-5F7A-40E0-B475-3A715E1F4A0F}.Release|Any CPU.Build.0 = Release|Any CPU
		{2DF8C576-5F7A-40E0-B475-3A715E1F4A0F}.Release|x64.ActiveCfg = Release|Any CPU
		{2DF8C576-5F7A-40E0-B475-3A715E1F4A0F}.Release|x64.Build.0 = Release|Any CPU
		{2DF8C576-5F7A-40E0-B475-3A715E1F4A0F}.Release|x86.ActiveCfg = Release|Any CPU
		{2DF8C576-5F7A-40E0-B475-3A715E1F4A0F}.Release|x86.Build.0 = Release|Any CPU
		{C6114E94-D59C-4E53-8C09-064FB8AB25BD}.Debug|Any CPU.ActiveCfg = Debug|Any CPU
		{C6114E94-D59C-4E53-8C09-064FB8AB25BD}.Debug|Any CPU.Build.0 = Debug|Any CPU
		{C6114E94-D59C-4E53-8C09-064FB8AB25BD}.Debug|x64.ActiveCfg = Debug|Any CPU
		{C6114E94-D59C-4E53-8C09-064FB8AB25BD}.Debug|x64.Build.0 = Debug|Any CPU
		{C6114E94-D59C-4E53-8C09-064FB8AB25BD}.Debug|x86.ActiveCfg = Debug|Any CPU
		{C6114E94-D59C-4E53-8C09-064FB8AB25BD}.Debug|x86.Build.0 = Debug|Any CPU
		{C6114E94-D59C-4E53-8C09-064FB8AB25BD}.Release|Any CPU.ActiveCfg = Release|Any CPU
		{C6114E94-D59C-4E53-8C09-064FB8AB25BD}.Release|Any CPU.Build.0 = Release|Any CPU
		{C6114E94-D59C-4E53-8C09-064FB8AB25BD}.Release|x64.ActiveCfg = Release|Any CPU
		{C6114E94-D59C-4E53-8C09-064FB8AB25BD}.Release|x64.Build.0 = Release|Any CPU
		{C6114E94-D59C-4E53-8C09-064FB8AB25BD}.Release|x86.ActiveCfg = Release|Any CPU
		{C6114E94-D59C-4E53-8C09-064FB8AB25BD}.Release|x86.Build.0 = Release|Any CPU
		{6E58CFBD-A374-4256-AD64-C7A28BF192C9}.Debug|Any CPU.ActiveCfg = Debug|Any CPU
		{6E58CFBD-A374-4256-AD64-C7A28BF192C9}.Debug|Any CPU.Build.0 = Debug|Any CPU
		{6E58CFBD-A374-4256-AD64-C7A28BF192C9}.Debug|x64.ActiveCfg = Debug|Any CPU
		{6E58CFBD-A374-4256-AD64-C7A28BF192C9}.Debug|x64.Build.0 = Debug|Any CPU
		{6E58CFBD-A374-4256-AD64-C7A28BF192C9}.Debug|x86.ActiveCfg = Debug|Any CPU
		{6E58CFBD-A374-4256-AD64-C7A28BF192C9}.Debug|x86.Build.0 = Debug|Any CPU
		{6E58CFBD-A374-4256-AD64-C7A28BF192C9}.Release|Any CPU.ActiveCfg = Release|Any CPU
		{6E58CFBD-A374-4256-AD64-C7A28BF192C9}.Release|Any CPU.Build.0 = Release|Any CPU
		{6E58CFBD-A374-4256-AD64-C7A28BF192C9}.Release|x64.ActiveCfg = Release|Any CPU
		{6E58CFBD-A374-4256-AD64-C7A28BF192C9}.Release|x64.Build.0 = Release|Any CPU
		{6E58CFBD-A374-4256-AD64-C7A28BF192C9}.Release|x86.ActiveCfg = Release|Any CPU
		{6E58CFBD-A374-4256-AD64-C7A28BF192C9}.Release|x86.Build.0 = Release|Any CPU
		{0E42D12E-AD4A-4608-843B-66593273AA0A}.Debug|Any CPU.ActiveCfg = Debug|Any CPU
		{0E42D12E-AD4A-4608-843B-66593273AA0A}.Debug|Any CPU.Build.0 = Debug|Any CPU
		{0E42D12E-AD4A-4608-843B-66593273AA0A}.Debug|x64.ActiveCfg = Debug|Any CPU
		{0E42D12E-AD4A-4608-843B-66593273AA0A}.Debug|x64.Build.0 = Debug|Any CPU
		{0E42D12E-AD4A-4608-843B-66593273AA0A}.Debug|x86.ActiveCfg = Debug|Any CPU
		{0E42D12E-AD4A-4608-843B-66593273AA0A}.Debug|x86.Build.0 = Debug|Any CPU
		{0E42D12E-AD4A-4608-843B-66593273AA0A}.Release|Any CPU.ActiveCfg = Release|Any CPU
		{0E42D12E-AD4A-4608-843B-66593273AA0A}.Release|Any CPU.Build.0 = Release|Any CPU
		{0E42D12E-AD4A-4608-843B-66593273AA0A}.Release|x64.ActiveCfg = Release|Any CPU
		{0E42D12E-AD4A-4608-843B-66593273AA0A}.Release|x64.Build.0 = Release|Any CPU
		{0E42D12E-AD4A-4608-843B-66593273AA0A}.Release|x86.ActiveCfg = Release|Any CPU
		{0E42D12E-AD4A-4608-843B-66593273AA0A}.Release|x86.Build.0 = Release|Any CPU
		{7D5FB3C2-B018-47FF-99B8-3143A9E0A6EF}.Debug|Any CPU.ActiveCfg = Debug|Any CPU
		{7D5FB3C2-B018-47FF-99B8-3143A9E0A6EF}.Debug|Any CPU.Build.0 = Debug|Any CPU
		{7D5FB3C2-B018-47FF-99B8-3143A9E0A6EF}.Debug|x64.ActiveCfg = Debug|Any CPU
		{7D5FB3C2-B018-47FF-99B8-3143A9E0A6EF}.Debug|x64.Build.0 = Debug|Any CPU
		{7D5FB3C2-B018-47FF-99B8-3143A9E0A6EF}.Debug|x86.ActiveCfg = Debug|Any CPU
		{7D5FB3C2-B018-47FF-99B8-3143A9E0A6EF}.Debug|x86.Build.0 = Debug|Any CPU
		{7D5FB3C2-B018-47FF-99B8-3143A9E0A6EF}.Release|Any CPU.ActiveCfg = Release|Any CPU
		{7D5FB3C2-B018-47FF-99B8-3143A9E0A6EF}.Release|Any CPU.Build.0 = Release|Any CPU
		{7D5FB3C2-B018-47FF-99B8-3143A9E0A6EF}.Release|x64.ActiveCfg = Release|Any CPU
		{7D5FB3C2-B018-47FF-99B8-3143A9E0A6EF}.Release|x64.Build.0 = Release|Any CPU
		{7D5FB3C2-B018-47FF-99B8-3143A9E0A6EF}.Release|x86.ActiveCfg = Release|Any CPU
		{7D5FB3C2-B018-47FF-99B8-3143A9E0A6EF}.Release|x86.Build.0 = Release|Any CPU
		{D2FEA0E0-70BD-4F2D-BC19-80E7C8BA168F}.Debug|Any CPU.ActiveCfg = Debug|Any CPU
		{D2FEA0E0-70BD-4F2D-BC19-80E7C8BA168F}.Debug|Any CPU.Build.0 = Debug|Any CPU
		{D2FEA0E0-70BD-4F2D-BC19-80E7C8BA168F}.Debug|x64.ActiveCfg = Debug|Any CPU
		{D2FEA0E0-70BD-4F2D-BC19-80E7C8BA168F}.Debug|x64.Build.0 = Debug|Any CPU
		{D2FEA0E0-70BD-4F2D-BC19-80E7C8BA168F}.Debug|x86.ActiveCfg = Debug|Any CPU
		{D2FEA0E0-70BD-4F2D-BC19-80E7C8BA168F}.Debug|x86.Build.0 = Debug|Any CPU
		{D2FEA0E0-70BD-4F2D-BC19-80E7C8BA168F}.Release|Any CPU.ActiveCfg = Release|Any CPU
		{D2FEA0E0-70BD-4F2D-BC19-80E7C8BA168F}.Release|Any CPU.Build.0 = Release|Any CPU
		{D2FEA0E0-70BD-4F2D-BC19-80E7C8BA168F}.Release|x64.ActiveCfg = Release|Any CPU
		{D2FEA0E0-70BD-4F2D-BC19-80E7C8BA168F}.Release|x64.Build.0 = Release|Any CPU
		{D2FEA0E0-70BD-4F2D-BC19-80E7C8BA168F}.Release|x86.ActiveCfg = Release|Any CPU
		{D2FEA0E0-70BD-4F2D-BC19-80E7C8BA168F}.Release|x86.Build.0 = Release|Any CPU
	EndGlobalSection
	GlobalSection(SolutionProperties) = preSolution
		HideSolutionNode = FALSE
	EndGlobalSection
	GlobalSection(NestedProjects) = preSolution
		{2DF8C576-5F7A-40E0-B475-3A715E1F4A0F} = {827E0CD3-B72D-47B6-A68D-7590B98EB39B}
		{C6114E94-D59C-4E53-8C09-064FB8AB25BD} = {827E0CD3-B72D-47B6-A68D-7590B98EB39B}
		{6E58CFBD-A374-4256-AD64-C7A28BF192C9} = {827E0CD3-B72D-47B6-A68D-7590B98EB39B}
		{0E42D12E-AD4A-4608-843B-66593273AA0A} = {827E0CD3-B72D-47B6-A68D-7590B98EB39B}
		{7D5FB3C2-B018-47FF-99B8-3143A9E0A6EF} = {0AB3BF05-4346-4AA6-1389-037BE0695223}
		{D2FEA0E0-70BD-4F2D-BC19-80E7C8BA168F} = {0AB3BF05-4346-4AA6-1389-037BE0695223}
	EndGlobalSection
EndGlobal
